{
  "name": "sap-web-tests",
  "version": "1.0.0",
  "lockfileVersion": 3,
  "requires": true,
  "packages": {
    "": {
      "name": "sap-web-tests",
      "version": "1.0.0",
      "license": "UNLICENSED",
      "devDependencies": {
        "@playwright-sap/test": "^1.1.6",
        "dotenv": "^17.0.0"
      }
    },
    "node_modules/@playwright-sap/test": {
      "version": "1.1.6",
      "resolved": "https://registry.npmjs.org/@playwright-sap/test/-/test-1.1.6.tgz",
      "integrity": "sha512-Yg6LV0VqLyAxDnwSgIzV5YCN7vslsrcYyGy/d8DP1LhLGuuCMFN79lrHrm3/RfQOF9OUKHYNujYcApZnKJhLvA==",
      "dev": true,
      "license": "Apache-2.0",
      "dependencies": {
        "playwright": "npm:playwright-sap@1.1.6"
      },
      "bin": {
        "playwright": "cli.js"
      },
      "engines": {
        "node": ">=18"
      }
    },
    "node_modules/dotenv": {
      "version": "17.4.2",
      "resolved": "https://registry.npmjs.org/dotenv/-/dotenv-17.4.2.tgz",
      "integrity": "sha512-nI4U3TottKAcAD9LLud4Cb7b2QztQMUEfHbvhTH09bqXTxnSie8WnjPALV/WMCrJZ6UV/qHJ6L03OqO3LcdYZw==",
      "dev": true,
      "license": "BSD-2-Clause",
      "engines": {
        "node": ">=12"
      },
      "funding": {
        "url": "https://dotenvx.com"
      }
    },
    "node_modules/fsevents": {
      "version": "2.3.2",
      "resolved": "https://registry.npmjs.org/fsevents/-/fsevents-2.3.2.tgz",
      "integrity": "sha512-xiqMQR4xAeHTuB9uWm+fFRcIOgKBMiOBP+eXiyT7jsgVCq1bkVygt00oASowB7EdtpOHaaPgKt812P9ab+DDKA==",
      "dev": true,
      "hasInstallScript": true,
      "license": "MIT",
      "optional": true,
      "os": [
        "darwin"
      ],
      "engines": {
        "node": "^8.16.0 || ^10.6.0 || >=11.0.0"
      }
    },
    "node_modules/playwright": {
      "name": "playwright-sap",
      "version": "1.1.6",
      "resolved": "https://registry.npmjs.org/playwright-sap/-/playwright-sap-1.1.6.tgz",
      "integrity": "sha512-P+b3S/XlIXp3b+HARqZ9Us5PuKC5lSU2cSC0hzUKGkY9ym9LFRw8UzMzwOx/xsQPh0yWhuins6jKGUrJyuxVkA==",
      "dev": true,
      "license": "Apache-2.0",
      "dependencies": {
        "playwright-core": "npm:playwright-sap-core@1.1.6"
      },
      "bin": {
        "playwright": "cli.js"
      },
      "engines": {
        "node": ">=18"
      },
      "optionalDependencies": {
        "fsevents": "2.3.2"
      }
    },
    "node_modules/playwright-core": {
      "name": "playwright-sap-core",
      "version": "1.1.6",
      "resolved": "https://registry.npmjs.org/playwright-sap-core/-/playwright-sap-core-1.1.6.tgz",
      "integrity": "sha512-D4RYf2vhygDSIhYu3uLt9twIB4FywyF+sktIhKGOToADqLOfeUvOCmFKtVZ5nYY/xypYO5Gzt9bmQY6gXs/wIw==",
      "dev": true,
      "license": "Apache-2.0",
      "bin": {
        "playwright-core": "cli.js"
      },
      "engines": {
        "node": ">=18"
      }
    }
  }
}
